
Microsoft Visual Studio Solution File, Format Version 12.00
# Visual Studio 15
VisualStudioVersion = 15.0.28307.852
MinimumVisualStudioVersion = 10.0.40219.1
Project("{9092AA53-FB77-4645-B42D-1CCCA6BD08BD}") = "NodejsWebApp1", "NodejsWebApp1\NodejsWebApp1.njsproj", "{C21D49D1-4717-4DB8-93B9-64B6354E48DC}"
EndProject
Global
	GlobalSection(SolutionConfigurationPlatforms) = preSolution
		Debug|Any CPU = Debug|Any CPU
		Release|Any CPU = Release|Any CPU
	EndGlobalSection
	GlobalSection(ProjectConfigurationPlatforms) = postSolution
		{C21D49D1-4717-4DB8-93B9-64B6354E48DC}.Debug|Any CPU.ActiveCfg = Debug|Any CPU
		{C21D49D1-4717-4DB8-93B9-64B6354E48DC}.Debug|Any CPU.Build.0 = Debug|Any CPU
		{C21D49D1-4717-4DB8-93B9-64B6354E48DC}.Release|Any CPU.ActiveCfg = Release|Any CPU
		{C21D49D1-4717-4DB8-93B9-64B6354E48DC}.Release|Any CPU.Build.0 = Release|Any CPU
	EndGlobalSection
	GlobalSection(SolutionProperties) = preSolution
		HideSolutionNode = FALSE
	EndGlobalSection
	GlobalSection(ExtensibilityGlobals) = postSolution
		SolutionGuid = {31B49038-63B7-477D-8B81-2003B687B1EC}
	EndGlobalSection
EndGlobal
