
Microsoft Visual Studio Solution File, Format Version 12.00
# Visual Studio 15
VisualStudioVersion = 15.0.28307.852
MinimumVisualStudioVersion = 10.0.40219.1
Project("{9092AA53-FB77-4645-B42D-1CCCA6BD08BD}") = "NodejsConsoleApp1", "NodejsConsoleApp1\NodejsConsoleApp1.njsproj", "{00F80F5F-FCA9-4AD7-ABB5-F1C070C840D3}"
EndProject
Global
	GlobalSection(SolutionConfigurationPlatforms) = preSolution
		Debug|Any CPU = Debug|Any CPU
		Release|Any CPU = Release|Any CPU
	EndGlobalSection
	GlobalSection(ProjectConfigurationPlatforms) = postSolution
		{00F80F5F-FCA9-4AD7-ABB5-F1C070C840D3}.Debug|Any CPU.ActiveCfg = Debug|Any CPU
		{00F80F5F-FCA9-4AD7-ABB5-F1C070C840D3}.Debug|Any CPU.Build.0 = Debug|Any CPU
		{00F80F5F-FCA9-4AD7-ABB5-F1C070C840D3}.Release|Any CPU.ActiveCfg = Release|Any CPU
		{00F80F5F-FCA9-4AD7-ABB5-F1C070C840D3}.Release|Any CPU.Build.0 = Release|Any CPU
	EndGlobalSection
	GlobalSection(SolutionProperties) = preSolution
		HideSolutionNode = FALSE
	EndGlobalSection
	GlobalSection(ExtensibilityGlobals) = postSolution
		SolutionGuid = {C6067EE3-D46A-4AE4-BC06-6D04744D9BB1}
	EndGlobalSection
EndGlobal
